
Microsoft Visual Studio Solution File, Format Version 12.00
# Visual Studio Version 16
VisualStudioVersion = 25.0.1705.3
MinimumVisualStudioVersion = 10.0.40219.1
Project("{FAE04EC0-301F-11D3-BF4B-00C04F79EFBC}") = "AssetTrack", "AssetTrack\AssetTrack.csproj", "{00FFBBAB-D1C6-4FDE-9116-008B022CF05A}"
EndProject
Project("{FAE04EC0-301F-11D3-BF4B-00C04F79EFBC}") = "AssetAccounting", "AssetAccounting\AssetAccounting.csproj", "{51B7E396-C531-4177-B403-BC23014C11E7}"
EndProject
Global
	GlobalSection(SolutionConfigurationPlatforms) = preSolution
		Debug|Any CPU = Debug|Any CPU
		Release|Any CPU = Release|Any CPU
	EndGlobalSection
	GlobalSection(ProjectConfigurationPlatforms) = postSolution
		{00FFBBAB-D1C6-4FDE-9116-008B022CF05A}.Debug|Any CPU.ActiveCfg = Debug|Any CPU
		{00FFBBAB-D1C6-4FDE-9116-008B022CF05A}.Debug|Any CPU.Build.0 = Debug|Any CPU
		{00FFBBAB-D1C6-4FDE-9116-008B022CF05A}.Release|Any CPU.ActiveCfg = Release|Any CPU
		{00FFBBAB-D1C6-4FDE-9116-008B022CF05A}.Release|Any CPU.Build.0 = Release|Any CPU
		{51B7E396-C531-4177-B403-BC23014C11E7}.Debug|Any CPU.ActiveCfg = Debug|Any CPU
		{51B7E396-C531-4177-B403-BC23014C11E7}.Debug|Any CPU.Build.0 = Debug|Any CPU
		{51B7E396-C531-4177-B403-BC23014C11E7}.Release|Any CPU.ActiveCfg = Release|Any CPU
		{51B7E396-C531-4177-B403-BC23014C11E7}.Release|Any CPU.Build.0 = Release|Any CPU
	EndGlobalSection
	GlobalSection(SolutionProperties) = preSolution
		HideSolutionNode = FALSE
	EndGlobalSection
	GlobalSection(ExtensibilityGlobals) = postSolution
		SolutionGuid = {56645790-B7B3-4882-B0BF-FA1DCC43D63C}
	EndGlobalSection
EndGlobal
